
Microsoft Visual Studio Solution File, Format Version 12.00
# Visual Studio Version 17
VisualStudioVersion = 17.7.34018.315
MinimumVisualStudioVersion = 10.0.40219.1
Project("{9A19103F-16F7-4668-BE54-9A1E7A4F7556}") = "TradingEngine", "TradingEngine\TradingEngine.csproj", "{6409BD5A-132D-472B-973D-5A92AE9B150C}"
EndProject
Project("{9A19103F-16F7-4668-BE54-9A1E7A4F7556}") = "LoggingCS", "LoggingCS\LoggingCS\LoggingCS.csproj", "{E3B8EA18-655B-4261-B582-B47FC78ECFCF}"
EndProject
Project("{FAE04EC0-301F-11D3-BF4B-00C04F79EFBC}") = "InstrumentCS", "InstrumentCS\InstrumentCS.csproj", "{5E52D759-12E5-48F7-90DE-AE5E2608A410}"
EndProject
Project("{FAE04EC0-301F-11D3-BF4B-00C04F79EFBC}") = "OrdersCS", "OrdersCS\OrdersCS.csproj", "{87C448D6-E2C4-42BD-BD0F-B3D93C053F74}"
EndProject
Project("{FAE04EC0-301F-11D3-BF4B-00C04F79EFBC}") = "OrderbookCS", "OrderbookCS\OrderbookCS.csproj", "{92B8CEA7-0D32-40C2-8849-922D9DAAAC88}"
EndProject
Global
	GlobalSection(SolutionConfigurationPlatforms) = preSolution
		Debug|Any CPU = Debug|Any CPU
		Release|Any CPU = Release|Any CPU
	EndGlobalSection
	GlobalSection(ProjectConfigurationPlatforms) = postSolution
		{6409BD5A-132D-472B-973D-5A92AE9B150C}.Debug|Any CPU.ActiveCfg = Debug|Any CPU
		{6409BD5A-132D-472B-973D-5A92AE9B150C}.Debug|Any CPU.Build.0 = Debug|Any CPU
		{6409BD5A-132D-472B-973D-5A92AE9B150C}.Release|Any CPU.ActiveCfg = Release|Any CPU
		{6409BD5A-132D-472B-973D-5A92AE9B150C}.Release|Any CPU.Build.0 = Release|Any CPU
		{E3B8EA18-655B-4261-B582-B47FC78ECFCF}.Debug|Any CPU.ActiveCfg = Debug|Any CPU
		{E3B8EA18-655B-4261-B582-B47FC78ECFCF}.Debug|Any CPU.Build.0 = Debug|Any CPU
		{E3B8EA18-655B-4261-B582-B47FC78ECFCF}.Release|Any CPU.ActiveCfg = Release|Any CPU
		{E3B8EA18-655B-4261-B582-B47FC78ECFCF}.Release|Any CPU.Build.0 = Release|Any CPU
		{5E52D759-12E5-48F7-90DE-AE5E2608A410}.Debug|Any CPU.ActiveCfg = Debug|Any CPU
		{5E52D759-12E5-48F7-90DE-AE5E2608A410}.Debug|Any CPU.Build.0 = Debug|Any CPU
		{5E52D759-12E5-48F7-90DE-AE5E2608A410}.Release|Any CPU.ActiveCfg = Release|Any CPU
		{5E52D759-12E5-48F7-90DE-AE5E2608A410}.Release|Any CPU.Build.0 = Release|Any CPU
		{87C448D6-E2C4-42BD-BD0F-B3D93C053F74}.Debug|Any CPU.ActiveCfg = Debug|Any CPU
		{87C448D6-E2C4-42BD-BD0F-B3D93C053F74}.Debug|Any CPU.Build.0 = Debug|Any CPU
		{87C448D6-E2C4-42BD-BD0F-B3D93C053F74}.Release|Any CPU.ActiveCfg = Release|Any CPU
		{87C448D6-E2C4-42BD-BD0F-B3D93C053F74}.Release|Any CPU.Build.0 = Release|Any CPU
		{92B8CEA7-0D32-40C2-8849-922D9DAAAC88}.Debug|Any CPU.ActiveCfg = Debug|Any CPU
		{92B8CEA7-0D32-40C2-8849-922D9DAAAC88}.Debug|Any CPU.Build.0 = Debug|Any CPU
		{92B8CEA7-0D32-40C2-8849-922D9DAAAC88}.Release|Any CPU.ActiveCfg = Release|Any CPU
		{92B8CEA7-0D32-40C2-8849-922D9DAAAC88}.Release|Any CPU.Build.0 = Release|Any CPU
	EndGlobalSection
	GlobalSection(SolutionProperties) = preSolution
		HideSolutionNode = FALSE
	EndGlobalSection
	GlobalSection(ExtensibilityGlobals) = postSolution
		SolutionGuid = {2A5F1C2A-7ED3-465D-AECB-48393B47F446}
	EndGlobalSection
EndGlobal
